
Microsoft Visual Studio Solution File, Format Version 12.00
# Visual Studio Version 16
VisualStudioVersion = 16.0.29609.76
MinimumVisualStudioVersion = 10.0.40219.1
Project("{FAE04EC0-301F-11D3-BF4B-00C04F79EFBC}") = "ReadDataFromFiles", "ReadDataFromFiles\ReadDataFromFiles.csproj", "{6EFCB5DB-C348-4A16-85AE-E847F4AA659C}"
EndProject
Global
	GlobalSection(SolutionConfigurationPlatforms) = preSolution
		Debug|Any CPU = Debug|Any CPU
		Release|Any CPU = Release|Any CPU
	EndGlobalSection
	GlobalSection(ProjectConfigurationPlatforms) = postSolution
		{6EFCB5DB-C348-4A16-85AE-E847F4AA659C}.Debug|Any CPU.ActiveCfg = Debug|Any CPU
		{6EFCB5DB-C348-4A16-85AE-E847F4AA659C}.Debug|Any CPU.Build.0 = Debug|Any CPU
		{6EFCB5DB-C348-4A16-85AE-E847F4AA659C}.Release|Any CPU.ActiveCfg = Release|Any CPU
		{6EFCB5DB-C348-4A16-85AE-E847F4AA659C}.Release|Any CPU.Build.0 = Release|Any CPU
	EndGlobalSection
	GlobalSection(SolutionProperties) = preSolution
		HideSolutionNode = FALSE
	EndGlobalSection
	GlobalSection(ExtensibilityGlobals) = postSolution
		SolutionGuid = {1214561B-9831-4480-B50D-A9E21F8742B6}
	EndGlobalSection
EndGlobal
